// !$*UTF8*$!
{
	archiveVersion = 1;
	classes = {
	};
	objectVersion = 51;
	objects = {

/* Begin PBXBuildFile section */
		9D2B864F232396EB00A0815A /* AppDelegate.swift in Sources */ = {isa = PBXBuildFile; fileRef = 9D2B864E232396EB00A0815A /* AppDelegate.swift */; };
		9D2B8651232396EB00A0815A /* SearchViewController.swift in Sources */ = {isa = PBXBuildFile; fileRef = 9D2B8650232396EB00A0815A /* SearchViewController.swift */; };
		9D2B8656232396EC00A0815A /* Assets.xcassets in Resources */ = {isa = PBXBuildFile; fileRef = 9D2B8655232396EC00A0815A /* Assets.xcassets */; };
		9D2B8659232396EC00A0815A /* LaunchScreen.storyboard in Resources */ = {isa = PBXBuildFile; fileRef = 9D2B8657232396EC00A0815A /* LaunchScreen.storyboard */; };
		9D2B8664232396EC00A0815A /* K9_RecipesTests.swift in Sources */ = {isa = PBXBuildFile; fileRef = 9D2B8663232396EC00A0815A /* K9_RecipesTests.swift */; };
		9D2B866F232396EC00A0815A /* K9_RecipesUITests.swift in Sources */ = {isa = PBXBuildFile; fileRef = 9D2B866E232396EC00A0815A /* K9_RecipesUITests.swift */; };
		9D4C45942323FA07002D2D24 /* Logger.swift in Sources */ = {isa = PBXBuildFile; fileRef = 9D4C45932323FA07002D2D24 /* Logger.swift */; };
		9D4C45972323FE13002D2D24 /* Recipe.swift in Sources */ = {isa = PBXBuildFile; fileRef = 9D4C45962323FE13002D2D24 /* Recipe.swift */; };
		9D4C4599232400D4002D2D24 /* Category.swift in Sources */ = {isa = PBXBuildFile; fileRef = 9D4C4598232400D4002D2D24 /* Category.swift */; };
		9D4C459B2324022F002D2D24 /* Area.swift in Sources */ = {isa = PBXBuildFile; fileRef = 9D4C459A2324022F002D2D24 /* Area.swift */; };
		9D4C459D2324029B002D2D24 /* RecipeStep.swift in Sources */ = {isa = PBXBuildFile; fileRef = 9D4C459C2324029B002D2D24 /* RecipeStep.swift */; };
		9D4C459F23240327002D2D24 /* Ingredient.swift in Sources */ = {isa = PBXBuildFile; fileRef = 9D4C459E23240327002D2D24 /* Ingredient.swift */; };
		9D6E33E52324D184008E76D9 /* EditableTextNode.swift in Sources */ = {isa = PBXBuildFile; fileRef = 9D6E33E42324D184008E76D9 /* EditableTextNode.swift */; };
		9D6E33E82324D3CA008E76D9 /* ButtonNode.swift in Sources */ = {isa = PBXBuildFile; fileRef = 9D6E33E72324D3CA008E76D9 /* ButtonNode.swift */; };
		9D6E33EA2324DAE0008E76D9 /* Layout+Insets.swift in Sources */ = {isa = PBXBuildFile; fileRef = 9D6E33E92324DAE0008E76D9 /* Layout+Insets.swift */; };
		9D6E33ED2324DC8A008E76D9 /* PrimaryButtonNode.swift in Sources */ = {isa = PBXBuildFile; fileRef = 9D6E33EC2324DC8A008E76D9 /* PrimaryButtonNode.swift */; };
		9D6F34452324E1E700CB0A67 /* TextControlNode.swift in Sources */ = {isa = PBXBuildFile; fileRef = 9D6F34442324E1E700CB0A67 /* TextControlNode.swift */; };
		9D6F34472324F85400CB0A67 /* SearchViewModel.swift in Sources */ = {isa = PBXBuildFile; fileRef = 9D6F34462324F85400CB0A67 /* SearchViewModel.swift */; };
		9D6F34492324F87000CB0A67 /* SeachViewControllerProtocol.swift in Sources */ = {isa = PBXBuildFile; fileRef = 9D6F34482324F87000CB0A67 /* SeachViewControllerProtocol.swift */; };
		9D6F344B23251A8E00CB0A67 /* SearchResultsViewController.swift in Sources */ = {isa = PBXBuildFile; fileRef = 9D6F344A23251A8E00CB0A67 /* SearchResultsViewController.swift */; };
		9D6F344D23251A9B00CB0A67 /* SearchResultsViewModel.swift in Sources */ = {isa = PBXBuildFile; fileRef = 9D6F344C23251A9B00CB0A67 /* SearchResultsViewModel.swift */; };
		9D6F344F23251AAD00CB0A67 /* SearchResultsViewControllerProtocol.swift in Sources */ = {isa = PBXBuildFile; fileRef = 9D6F344E23251AAD00CB0A67 /* SearchResultsViewControllerProtocol.swift */; };
		9D6F345423251FB300CB0A67 /* SearchResultsTableNodeItem.swift in Sources */ = {isa = PBXBuildFile; fileRef = 9D6F345323251FB300CB0A67 /* SearchResultsTableNodeItem.swift */; };
		9D6F345623251FE100CB0A67 /* SearchResultsTableNode.swift in Sources */ = {isa = PBXBuildFile; fileRef = 9D6F345523251FE100CB0A67 /* SearchResultsTableNode.swift */; };
		9D6F34582325202900CB0A67 /* SearchResultsTableNodeCell.swift in Sources */ = {isa = PBXBuildFile; fileRef = 9D6F34572325202900CB0A67 /* SearchResultsTableNodeCell.swift */; };
		9D6F345A232521BE00CB0A67 /* UIView+Shake.swift in Sources */ = {isa = PBXBuildFile; fileRef = 9D6F3459232521BE00CB0A67 /* UIView+Shake.swift */; };
		9D6F345C2325281C00CB0A67 /* ASNavigationController+BackButton.swift in Sources */ = {isa = PBXBuildFile; fileRef = 9D6F345B2325281C00CB0A67 /* ASNavigationController+BackButton.swift */; };
		9D6F345E23252F2400CB0A67 /* RecipeDetailsViewController.swift in Sources */ = {isa = PBXBuildFile; fileRef = 9D6F345D23252F2400CB0A67 /* RecipeDetailsViewController.swift */; };
		9D6F346023252F3100CB0A67 /* RecipeDetailsViewModel.swift in Sources */ = {isa = PBXBuildFile; fileRef = 9D6F345F23252F3100CB0A67 /* RecipeDetailsViewModel.swift */; };
		9D6F346223252F4000CB0A67 /* RecipeDetailsViewControllerProtocol.swift in Sources */ = {isa = PBXBuildFile; fileRef = 9D6F346123252F4000CB0A67 /* RecipeDetailsViewControllerProtocol.swift */; };
		9D6F34642325435A00CB0A67 /* ASDisplayNode+Separator.swift in Sources */ = {isa = PBXBuildFile; fileRef = 9D6F34632325435A00CB0A67 /* ASDisplayNode+Separator.swift */; };
		9D6F346723254F3300CB0A67 /* SegmentedControlNode.swift in Sources */ = {isa = PBXBuildFile; fileRef = 9D6F346623254F3300CB0A67 /* SegmentedControlNode.swift */; };
		9D6F346A23255B7800CB0A67 /* YoutubeVideoNode.swift in Sources */ = {isa = PBXBuildFile; fileRef = 9D6F346923255B7800CB0A67 /* YoutubeVideoNode.swift */; };
		9D6F346C232562DE00CB0A67 /* CategoriesViewModel.swift in Sources */ = {isa = PBXBuildFile; fileRef = 9D6F346B232562DE00CB0A67 /* CategoriesViewModel.swift */; };
		9D6F346E232562EC00CB0A67 /* CategoriesViewControllerProtocol.swift in Sources */ = {isa = PBXBuildFile; fileRef = 9D6F346D232562EC00CB0A67 /* CategoriesViewControllerProtocol.swift */; };
		9D6F3473232564C300CB0A67 /* CategoriesTableNodeItem.swift in Sources */ = {isa = PBXBuildFile; fileRef = 9D6F3472232564C300CB0A67 /* CategoriesTableNodeItem.swift */; };
		9D6F3475232564F000CB0A67 /* CategoriesTableNode.swift in Sources */ = {isa = PBXBuildFile; fileRef = 9D6F3474232564F000CB0A67 /* CategoriesTableNode.swift */; };
		9D6F34772325653700CB0A67 /* CategoriesTableNodeCell.swift in Sources */ = {isa = PBXBuildFile; fileRef = 9D6F34762325653700CB0A67 /* CategoriesTableNodeCell.swift */; };
		9D6F3479232568AC00CB0A67 /* RecipesViewController.swift in Sources */ = {isa = PBXBuildFile; fileRef = 9D6F3478232568AC00CB0A67 /* RecipesViewController.swift */; };
		9D6F347B232568B900CB0A67 /* RecipesViewModel.swift in Sources */ = {isa = PBXBuildFile; fileRef = 9D6F347A232568B900CB0A67 /* RecipesViewModel.swift */; };
		9D6F347D232568D000CB0A67 /* RecipesViewControllerProtocol.swift in Sources */ = {isa = PBXBuildFile; fileRef = 9D6F347C232568D000CB0A67 /* RecipesViewControllerProtocol.swift */; };
		9D6F347F23256C6900CB0A67 /* AboutViewController.swift in Sources */ = {isa = PBXBuildFile; fileRef = 9D6F347E23256C6900CB0A67 /* AboutViewController.swift */; };
		9D6F348123256E8D00CB0A67 /* Bundle+Versions.swift in Sources */ = {isa = PBXBuildFile; fileRef = 9D6F348023256E8D00CB0A67 /* Bundle+Versions.swift */; };
		9D83EDE42323B92F0008B272 /* MainTabBarController.swift in Sources */ = {isa = PBXBuildFile; fileRef = 9D83EDE32323B92F0008B272 /* MainTabBarController.swift */; };
		9D83EDE62323C1B70008B272 /* UIColor+Colors.swift in Sources */ = {isa = PBXBuildFile; fileRef = 9D83EDE52323C1B70008B272 /* UIColor+Colors.swift */; };
		9D83EDE82323C8030008B272 /* CategoriesViewController.swift in Sources */ = {isa = PBXBuildFile; fileRef = 9D83EDE72323C8030008B272 /* CategoriesViewController.swift */; };
		9D83EDEA2323CFFD0008B272 /* IdeasViewController.swift in Sources */ = {isa = PBXBuildFile; fileRef = 9D83EDE92323CFFD0008B272 /* IdeasViewController.swift */; };
		9D83EDED2323D7940008B272 /* Router.swift in Sources */ = {isa = PBXBuildFile; fileRef = 9D83EDEC2323D7940008B272 /* Router.swift */; };
		9D83EDF22323DB5A0008B272 /* Constants.swift in Sources */ = {isa = PBXBuildFile; fileRef = 9D83EDF12323DB5A0008B272 /* Constants.swift */; };
		9D83EDF42323DF590008B272 /* ServiceLayer.swift in Sources */ = {isa = PBXBuildFile; fileRef = 9D83EDF32323DF590008B272 /* ServiceLayer.swift */; };
		9D9DB7E4232421820046EF12 /* IdeasViewModel.swift in Sources */ = {isa = PBXBuildFile; fileRef = 9D9DB7E3232421820046EF12 /* IdeasViewModel.swift */; };
		9D9DB7E6232422330046EF12 /* IdeasViewControllerProtocol.swift in Sources */ = {isa = PBXBuildFile; fileRef = 9D9DB7E5232422330046EF12 /* IdeasViewControllerProtocol.swift */; };
		9D9DB7E9232427260046EF12 /* SectionEmptyNode.swift in Sources */ = {isa = PBXBuildFile; fileRef = 9D9DB7E8232427260046EF12 /* SectionEmptyNode.swift */; };
		9D9DB7EC232429300046EF12 /* TextNode.swift in Sources */ = {isa = PBXBuildFile; fileRef = 9D9DB7EB232429300046EF12 /* TextNode.swift */; };
		9D9DB7F123242CE30046EF12 /* IdeasTableNodeItem.swift in Sources */ = {isa = PBXBuildFile; fileRef = 9D9DB7F023242CE30046EF12 /* IdeasTableNodeItem.swift */; };
		9D9DB7F323242D950046EF12 /* IdeasTableNode.swift in Sources */ = {isa = PBXBuildFile; fileRef = 9D9DB7F223242D950046EF12 /* IdeasTableNode.swift */; };
		9D9DB7F723242DF50046EF12 /* TableNodeBase.swift in Sources */ = {isa = PBXBuildFile; fileRef = 9D9DB7F623242DF50046EF12 /* TableNodeBase.swift */; };
		9D9DB7F923242FDD0046EF12 /* Array+SafeSubscript.swift in Sources */ = {isa = PBXBuildFile; fileRef = 9D9DB7F823242FDD0046EF12 /* Array+SafeSubscript.swift */; };
		9D9DB7FB232430CE0046EF12 /* IdeasTableNodeCell.swift in Sources */ = {isa = PBXBuildFile; fileRef = 9D9DB7FA232430CE0046EF12 /* IdeasTableNodeCell.swift */; };
		9D9DB7FD232433C40046EF12 /* UIViewController+Helpers.swift in Sources */ = {isa = PBXBuildFile; fileRef = 9D9DB7FC232433C40046EF12 /* UIViewController+Helpers.swift */; };
		9D9DB800232434DA0046EF12 /* ActivityIndicatorController.swift in Sources */ = {isa = PBXBuildFile; fileRef = 9D9DB7FF232434DA0046EF12 /* ActivityIndicatorController.swift */; };
		9D9DB802232435780046EF12 /* AlertController.swift in Sources */ = {isa = PBXBuildFile; fileRef = 9D9DB801232435780046EF12 /* AlertController.swift */; };
		C6A238C29D0DB6F8DA7381A9 /* Pods_K9_RecipesUITests.framework in Frameworks */ = {isa = PBXBuildFile; fileRef = 6106FEFABFD8B4F88763D0A5 /* Pods_K9_RecipesUITests.framework */; };
		D3FECC8748DE59BFB1DDD36C /* Pods_K9_Recipes.framework in Frameworks */ = {isa = PBXBuildFile; fileRef = E43EA53E83DED86264BCF621 /* Pods_K9_Recipes.framework */; };
		F51734364623634FDD955106 /* Pods_K9_RecipesTests.framework in Frameworks */ = {isa = PBXBuildFile; fileRef = 67EF7BFAAC9F42A2F782C1F3 /* Pods_K9_RecipesTests.framework */; };
/* End PBXBuildFile section */

/* Begin PBXContainerItemProxy section */
		9D2B8660232396EC00A0815A /* PBXContainerItemProxy */ = {
			isa = PBXContainerItemProxy;
			containerPortal = 9D2B8643232396EA00A0815A /* Project object */;
			proxyType = 1;
			remoteGlobalIDString = 9D2B864A232396EA00A0815A;
			remoteInfo = "K9 Recipes";
		};
		9D2B866B232396EC00A0815A /* PBXContainerItemProxy */ = {
			isa = PBXContainerItemProxy;
			containerPortal = 9D2B8643232396EA00A0815A /* Project object */;
			proxyType = 1;
			remoteGlobalIDString = 9D2B864A232396EA00A0815A;
			remoteInfo = "K9 Recipes";
		};
/* End PBXContainerItemProxy section */

/* Begin PBXFileReference section */
		6106FEFABFD8B4F88763D0A5 /* Pods_K9_RecipesUITests.framework */ = {isa = PBXFileReference; explicitFileType = wrapper.framework; includeInIndex = 0; path = Pods_K9_RecipesUITests.framework; sourceTree = BUILT_PRODUCTS_DIR; };
		67EF7BFAAC9F42A2F782C1F3 /* Pods_K9_RecipesTests.framework */ = {isa = PBXFileReference; explicitFileType = wrapper.framework; includeInIndex = 0; path = Pods_K9_RecipesTests.framework; sourceTree = BUILT_PRODUCTS_DIR; };
		761690F5273AEB199486E0BA /* Pods-K9 Recipes.release.xcconfig */ = {isa = PBXFileReference; includeInIndex = 1; lastKnownFileType = text.xcconfig; name = "Pods-K9 Recipes.release.xcconfig"; path = "Target Support Files/Pods-K9 Recipes/Pods-K9 Recipes.release.xcconfig"; sourceTree = "<group>"; };
		779B03616C74E6F504FB7EA5 /* Pods-K9 RecipesTests.debug.xcconfig */ = {isa = PBXFileReference; includeInIndex = 1; lastKnownFileType = text.xcconfig; name = "Pods-K9 RecipesTests.debug.xcconfig"; path = "Target Support Files/Pods-K9 RecipesTests/Pods-K9 RecipesTests.debug.xcconfig"; sourceTree = "<group>"; };
		9D2B864B232396EB00A0815A /* K9 Recipes.app */ = {isa = PBXFileReference; explicitFileType = wrapper.application; includeInIndex = 0; path = "K9 Recipes.app"; sourceTree = BUILT_PRODUCTS_DIR; };
		9D2B864E232396EB00A0815A /* AppDelegate.swift */ = {isa = PBXFileReference; lastKnownFileType = sourcecode.swift; path = AppDelegate.swift; sourceTree = "<group>"; };
		9D2B8650232396EB00A0815A /* SearchViewController.swift */ = {isa = PBXFileReference; lastKnownFileType = sourcecode.swift; path = SearchViewController.swift; sourceTree = "<group>"; };
		9D2B8655232396EC00A0815A /* Assets.xcassets */ = {isa = PBXFileReference; lastKnownFileType = folder.assetcatalog; path = Assets.xcassets; sourceTree = "<group>"; };
		9D2B8658232396EC00A0815A /* Base */ = {isa = PBXFileReference; lastKnownFileType = file.storyboard; name = Base; path = Base.lproj/LaunchScreen.storyboard; sourceTree = "<group>"; };
		9D2B865A232396EC00A0815A /* Info.plist */ = {isa = PBXFileReference; lastKnownFileType = text.plist.xml; path = Info.plist; sourceTree = "<group>"; };
		9D2B865F232396EC00A0815A /* K9 RecipesTests.xctest */ = {isa = PBXFileReference; explicitFileType = wrapper.cfbundle; includeInIndex = 0; path = "K9 RecipesTests.xctest"; sourceTree = BUILT_PRODUCTS_DIR; };
		9D2B8663232396EC00A0815A /* K9_RecipesTests.swift */ = {isa = PBXFileReference; lastKnownFileType = sourcecode.swift; path = K9_RecipesTests.swift; sourceTree = "<group>"; };
		9D2B8665232396EC00A0815A /* Info.plist */ = {isa = PBXFileReference; lastKnownFileType = text.plist.xml; path = Info.plist; sourceTree = "<group>"; };
		9D2B866A232396EC00A0815A /* K9 RecipesUITests.xctest */ = {isa = PBXFileReference; explicitFileType = wrapper.cfbundle; includeInIndex = 0; path = "K9 RecipesUITests.xctest"; sourceTree = BUILT_PRODUCTS_DIR; };
		9D2B866E232396EC00A0815A /* K9_RecipesUITests.swift */ = {isa = PBXFileReference; lastKnownFileType = sourcecode.swift; path = K9_RecipesUITests.swift; sourceTree = "<group>"; };
		9D2B8670232396EC00A0815A /* Info.plist */ = {isa = PBXFileReference; lastKnownFileType = text.plist.xml; path = Info.plist; sourceTree = "<group>"; };
		9D2B867C2323975300A0815A /* README.md */ = {isa = PBXFileReference; lastKnownFileType = net.daringfireball.markdown; path = README.md; sourceTree = "<group>"; };
		9D2B867D2323A68300A0815A /* LICENSE.md */ = {isa = PBXFileReference; lastKnownFileType = net.daringfireball.markdown; path = LICENSE.md; sourceTree = "<group>"; };
		9D4C45932323FA07002D2D24 /* Logger.swift */ = {isa = PBXFileReference; lastKnownFileType = sourcecode.swift; path = Logger.swift; sourceTree = "<group>"; };
		9D4C45962323FE13002D2D24 /* Recipe.swift */ = {isa = PBXFileReference; lastKnownFileType = sourcecode.swift; path = Recipe.swift; sourceTree = "<group>"; };
		9D4C4598232400D4002D2D24 /* Category.swift */ = {isa = PBXFileReference; lastKnownFileType = sourcecode.swift; path = Category.swift; sourceTree = "<group>"; };
		9D4C459A2324022F002D2D24 /* Area.swift */ = {isa = PBXFileReference; lastKnownFileType = sourcecode.swift; path = Area.swift; sourceTree = "<group>"; };
		9D4C459C2324029B002D2D24 /* RecipeStep.swift */ = {isa = PBXFileReference; lastKnownFileType = sourcecode.swift; path = RecipeStep.swift; sourceTree = "<group>"; };
		9D4C459E23240327002D2D24 /* Ingredient.swift */ = {isa = PBXFileReference; lastKnownFileType = sourcecode.swift; path = Ingredient.swift; sourceTree = "<group>"; };
		9D6E33E42324D184008E76D9 /* EditableTextNode.swift */ = {isa = PBXFileReference; lastKnownFileType = sourcecode.swift; path = EditableTextNode.swift; sourceTree = "<group>"; };
		9D6E33E72324D3CA008E76D9 /* ButtonNode.swift */ = {isa = PBXFileReference; lastKnownFileType = sourcecode.swift; path = ButtonNode.swift; sourceTree = "<group>"; };
		9D6E33E92324DAE0008E76D9 /* Layout+Insets.swift */ = {isa = PBXFileReference; lastKnownFileType = sourcecode.swift; path = "Layout+Insets.swift"; sourceTree = "<group>"; };
		9D6E33EC2324DC8A008E76D9 /* PrimaryButtonNode.swift */ = {isa = PBXFileReference; lastKnownFileType = sourcecode.swift; path = PrimaryButtonNode.swift; sourceTree = "<group>"; };
		9D6F34442324E1E700CB0A67 /* TextControlNode.swift */ = {isa = PBXFileReference; lastKnownFileType = sourcecode.swift; path = TextControlNode.swift; sourceTree = "<group>"; };
		9D6F34462324F85400CB0A67 /* SearchViewModel.swift */ = {isa = PBXFileReference; lastKnownFileType = sourcecode.swift; path = SearchViewModel.swift; sourceTree = "<group>"; };
		9D6F34482324F87000CB0A67 /* SeachViewControllerProtocol.swift */ = {isa = PBXFileReference; lastKnownFileType = sourcecode.swift; path = SeachViewControllerProtocol.swift; sourceTree = "<group>"; };
		9D6F344A23251A8E00CB0A67 /* SearchResultsViewController.swift */ = {isa = PBXFileReference; lastKnownFileType = sourcecode.swift; path = SearchResultsViewController.swift; sourceTree = "<group>"; };
		9D6F344C23251A9B00CB0A67 /* SearchResultsViewModel.swift */ = {isa = PBXFileReference; lastKnownFileType = sourcecode.swift; path = SearchResultsViewModel.swift; sourceTree = "<group>"; };
		9D6F344E23251AAD00CB0A67 /* SearchResultsViewControllerProtocol.swift */ = {isa = PBXFileReference; lastKnownFileType = sourcecode.swift; path = SearchResultsViewControllerProtocol.swift; sourceTree = "<group>"; };
		9D6F345323251FB300CB0A67 /* SearchResultsTableNodeItem.swift */ = {isa = PBXFileReference; lastKnownFileType = sourcecode.swift; path = SearchResultsTableNodeItem.swift; sourceTree = "<group>"; };
		9D6F345523251FE100CB0A67 /* SearchResultsTableNode.swift */ = {isa = PBXFileReference; lastKnownFileType = sourcecode.swift; path = SearchResultsTableNode.swift; sourceTree = "<group>"; };
		9D6F34572325202900CB0A67 /* SearchResultsTableNodeCell.swift */ = {isa = PBXFileReference; lastKnownFileType = sourcecode.swift; path = SearchResultsTableNodeCell.swift; sourceTree = "<group>"; };
		9D6F3459232521BE00CB0A67 /* UIView+Shake.swift */ = {isa = PBXFileReference; lastKnownFileType = sourcecode.swift; path = "UIView+Shake.swift"; sourceTree = "<group>"; };
		9D6F345B2325281C00CB0A67 /* ASNavigationController+BackButton.swift */ = {isa = PBXFileReference; lastKnownFileType = sourcecode.swift; path = "ASNavigationController+BackButton.swift"; sourceTree = "<group>"; };
		9D6F345D23252F2400CB0A67 /* RecipeDetailsViewController.swift */ = {isa = PBXFileReference; lastKnownFileType = sourcecode.swift; path = RecipeDetailsViewController.swift; sourceTree = "<group>"; };
		9D6F345F23252F3100CB0A67 /* RecipeDetailsViewModel.swift */ = {isa = PBXFileReference; lastKnownFileType = sourcecode.swift; path = RecipeDetailsViewModel.swift; sourceTree = "<group>"; };
		9D6F346123252F4000CB0A67 /* RecipeDetailsViewControllerProtocol.swift */ = {isa = PBXFileReference; lastKnownFileType = sourcecode.swift; path = RecipeDetailsViewControllerProtocol.swift; sourceTree = "<group>"; };
		9D6F34632325435A00CB0A67 /* ASDisplayNode+Separator.swift */ = {isa = PBXFileReference; lastKnownFileType = sourcecode.swift; path = "ASDisplayNode+Separator.swift"; sourceTree = "<group>"; };
		9D6F346623254F3300CB0A67 /* SegmentedControlNode.swift */ = {isa = PBXFileReference; lastKnownFileType = sourcecode.swift; path = SegmentedControlNode.swift; sourceTree = "<group>"; };
		9D6F346923255B7800CB0A67 /* YoutubeVideoNode.swift */ = {isa = PBXFileReference; lastKnownFileType = sourcecode.swift; path = YoutubeVideoNode.swift; sourceTree = "<group>"; };
		9D6F346B232562DE00CB0A67 /* CategoriesViewModel.swift */ = {isa = PBXFileReference; lastKnownFileType = sourcecode.swift; path = CategoriesViewModel.swift; sourceTree = "<group>"; };
		9D6F346D232562EC00CB0A67 /* CategoriesViewControllerProtocol.swift */ = {isa = PBXFileReference; lastKnownFileType = sourcecode.swift; path = CategoriesViewControllerProtocol.swift; sourceTree = "<group>"; };
		9D6F3472232564C300CB0A67 /* CategoriesTableNodeItem.swift */ = {isa = PBXFileReference; lastKnownFileType = sourcecode.swift; path = CategoriesTableNodeItem.swift; sourceTree = "<group>"; };
		9D6F3474232564F000CB0A67 /* CategoriesTableNode.swift */ = {isa = PBXFileReference; lastKnownFileType = sourcecode.swift; path = CategoriesTableNode.swift; sourceTree = "<group>"; };
		9D6F34762325653700CB0A67 /* CategoriesTableNodeCell.swift */ = {isa = PBXFileReference; lastKnownFileType = sourcecode.swift; path = CategoriesTableNodeCell.swift; sourceTree = "<group>"; };
		9D6F3478232568AC00CB0A67 /* RecipesViewController.swift */ = {isa = PBXFileReference; lastKnownFileType = sourcecode.swift; path = RecipesViewController.swift; sourceTree = "<group>"; };
		9D6F347A232568B900CB0A67 /* RecipesViewModel.swift */ = {isa = PBXFileReference; lastKnownFileType = sourcecode.swift; path = RecipesViewModel.swift; sourceTree = "<group>"; };
		9D6F347C232568D000CB0A67 /* RecipesViewControllerProtocol.swift */ = {isa = PBXFileReference; lastKnownFileType = sourcecode.swift; path = RecipesViewControllerProtocol.swift; sourceTree = "<group>"; };
		9D6F347E23256C6900CB0A67 /* AboutViewController.swift */ = {isa = PBXFileReference; lastKnownFileType = sourcecode.swift; path = AboutViewController.swift; sourceTree = "<group>"; };
		9D6F348023256E8D00CB0A67 /* Bundle+Versions.swift */ = {isa = PBXFileReference; lastKnownFileType = sourcecode.swift; path = "Bundle+Versions.swift"; sourceTree = "<group>"; };
		9D83EDE32323B92F0008B272 /* MainTabBarController.swift */ = {isa = PBXFileReference; lastKnownFileType = sourcecode.swift; path = MainTabBarController.swift; sourceTree = "<group>"; };
		9D83EDE52323C1B70008B272 /* UIColor+Colors.swift */ = {isa = PBXFileReference; lastKnownFileType = sourcecode.swift; path = "UIColor+Colors.swift"; sourceTree = "<group>"; };
		9D83EDE72323C8030008B272 /* CategoriesViewController.swift */ = {isa = PBXFileReference; lastKnownFileType = sourcecode.swift; path = CategoriesViewController.swift; sourceTree = "<group>"; };
		9D83EDE92323CFFD0008B272 /* IdeasViewController.swift */ = {isa = PBXFileReference; lastKnownFileType = sourcecode.swift; path = IdeasViewController.swift; sourceTree = "<group>"; };
		9D83EDEC2323D7940008B272 /* Router.swift */ = {isa = PBXFileReference; lastKnownFileType = sourcecode.swift; path = Router.swift; sourceTree = "<group>"; };
		9D83EDF12323DB5A0008B272 /* Constants.swift */ = {isa = PBXFileReference; lastKnownFileType = sourcecode.swift; path = Constants.swift; sourceTree = "<group>"; };
		9D83EDF32323DF590008B272 /* ServiceLayer.swift */ = {isa = PBXFileReference; lastKnownFileType = sourcecode.swift; path = ServiceLayer.swift; sourceTree = "<group>"; };
		9D9DB7E3232421820046EF12 /* IdeasViewModel.swift */ = {isa = PBXFileReference; lastKnownFileType = sourcecode.swift; path = IdeasViewModel.swift; sourceTree = "<group>"; };
		9D9DB7E5232422330046EF12 /* IdeasViewControllerProtocol.swift */ = {isa = PBXFileReference; lastKnownFileType = sourcecode.swift; path = IdeasViewControllerProtocol.swift; sourceTree = "<group>"; };
		9D9DB7E8232427260046EF12 /* SectionEmptyNode.swift */ = {isa = PBXFileReference; lastKnownFileType = sourcecode.swift; path = SectionEmptyNode.swift; sourceTree = "<group>"; };
		9D9DB7EB232429300046EF12 /* TextNode.swift */ = {isa = PBXFileReference; lastKnownFileType = sourcecode.swift; path = TextNode.swift; sourceTree = "<group>"; };
		9D9DB7F023242CE30046EF12 /* IdeasTableNodeItem.swift */ = {isa = PBXFileReference; lastKnownFileType = sourcecode.swift; path = IdeasTableNodeItem.swift; sourceTree = "<group>"; };
		9D9DB7F223242D950046EF12 /* IdeasTableNode.swift */ = {isa = PBXFileReference; lastKnownFileType = sourcecode.swift; path = IdeasTableNode.swift; sourceTree = "<group>"; };
		9D9DB7F623242DF50046EF12 /* TableNodeBase.swift */ = {isa = PBXFileReference; lastKnownFileType = sourcecode.swift; path = TableNodeBase.swift; sourceTree = "<group>"; };
		9D9DB7F823242FDD0046EF12 /* Array+SafeSubscript.swift */ = {isa = PBXFileReference; lastKnownFileType = sourcecode.swift; path = "Array+SafeSubscript.swift"; sourceTree = "<group>"; };
		9D9DB7FA232430CE0046EF12 /* IdeasTableNodeCell.swift */ = {isa = PBXFileReference; lastKnownFileType = sourcecode.swift; path = IdeasTableNodeCell.swift; sourceTree = "<group>"; };
		9D9DB7FC232433C40046EF12 /* UIViewController+Helpers.swift */ = {isa = PBXFileReference; lastKnownFileType = sourcecode.swift; path = "UIViewController+Helpers.swift"; sourceTree = "<group>"; };
		9D9DB7FF232434DA0046EF12 /* ActivityIndicatorController.swift */ = {isa = PBXFileReference; lastKnownFileType = sourcecode.swift; path = ActivityIndicatorController.swift; sourceTree = "<group>"; };
		9D9DB801232435780046EF12 /* AlertController.swift */ = {isa = PBXFileReference; lastKnownFileType = sourcecode.swift; path = AlertController.swift; sourceTree = "<group>"; };
		A3ED0165A5A1040C15CE7362 /* Pods-K9 RecipesUITests.release.xcconfig */ = {isa = PBXFileReference; includeInIndex = 1; lastKnownFileType = text.xcconfig; name = "Pods-K9 RecipesUITests.release.xcconfig"; path = "Target Support Files/Pods-K9 RecipesUITests/Pods-K9 RecipesUITests.release.xcconfig"; sourceTree = "<group>"; };
		A845CEB2B26681E8B9B21543 /* Pods-K9 RecipesTests.release.xcconfig */ = {isa = PBXFileReference; includeInIndex = 1; lastKnownFileType = text.xcconfig; name = "Pods-K9 RecipesTests.release.xcconfig"; path = "Target Support Files/Pods-K9 RecipesTests/Pods-K9 RecipesTests.release.xcconfig"; sourceTree = "<group>"; };
		ABB19A8F347AB3892181EF41 /* Pods-K9 Recipes.debug.xcconfig */ = {isa = PBXFileReference; includeInIndex = 1; lastKnownFileType = text.xcconfig; name = "Pods-K9 Recipes.debug.xcconfig"; path = "Target Support Files/Pods-K9 Recipes/Pods-K9 Recipes.debug.xcconfig"; sourceTree = "<group>"; };
		C2E66838491150EA584DD728 /* Pods-K9 RecipesUITests.debug.xcconfig */ = {isa = PBXFileReference; includeInIndex = 1; lastKnownFileType = text.xcconfig; name = "Pods-K9 RecipesUITests.debug.xcconfig"; path = "Target Support Files/Pods-K9 RecipesUITests/Pods-K9 RecipesUITests.debug.xcconfig"; sourceTree = "<group>"; };
		E43EA53E83DED86264BCF621 /* Pods_K9_Recipes.framework */ = {isa = PBXFileReference; explicitFileType = wrapper.framework; includeInIndex = 0; path = Pods_K9_Recipes.framework; sourceTree = BUILT_PRODUCTS_DIR; };
/* End PBXFileReference section */

/* Begin PBXFrameworksBuildPhase section */
		9D2B8648232396EA00A0815A /* Frameworks */ = {
			isa = PBXFrameworksBuildPhase;
			buildActionMask = 2147483647;
			files = (
				D3FECC8748DE59BFB1DDD36C /* Pods_K9_Recipes.framework in Frameworks */,
			);
			runOnlyForDeploymentPostprocessing = 0;
		};
		9D2B865C232396EC00A0815A /* Frameworks */ = {
			isa = PBXFrameworksBuildPhase;
			buildActionMask = 2147483647;
			files = (
				F51734364623634FDD955106 /* Pods_K9_RecipesTests.framework in Frameworks */,
			);
			runOnlyForDeploymentPostprocessing = 0;
		};
		9D2B8667232396EC00A0815A /* Frameworks */ = {
			isa = PBXFrameworksBuildPhase;
			buildActionMask = 2147483647;
			files = (
				C6A238C29D0DB6F8DA7381A9 /* Pods_K9_RecipesUITests.framework in Frameworks */,
			);
			runOnlyForDeploymentPostprocessing = 0;
		};
/* End PBXFrameworksBuildPhase section */

/* Begin PBXGroup section */
		1410EEA3859B8587A53EAC08 /* Frameworks */ = {
			isa = PBXGroup;
			children = (
				E43EA53E83DED86264BCF621 /* Pods_K9_Recipes.framework */,
				67EF7BFAAC9F42A2F782C1F3 /* Pods_K9_RecipesTests.framework */,
				6106FEFABFD8B4F88763D0A5 /* Pods_K9_RecipesUITests.framework */,
			);
			name = Frameworks;
			sourceTree = "<group>";
		};
		27907A48C88438390E14C044 /* Pods */ = {
			isa = PBXGroup;
			children = (
				ABB19A8F347AB3892181EF41 /* Pods-K9 Recipes.debug.xcconfig */,
				761690F5273AEB199486E0BA /* Pods-K9 Recipes.release.xcconfig */,
				779B03616C74E6F504FB7EA5 /* Pods-K9 RecipesTests.debug.xcconfig */,
				A845CEB2B26681E8B9B21543 /* Pods-K9 RecipesTests.release.xcconfig */,
				C2E66838491150EA584DD728 /* Pods-K9 RecipesUITests.debug.xcconfig */,
				A3ED0165A5A1040C15CE7362 /* Pods-K9 RecipesUITests.release.xcconfig */,
			);
			path = Pods;
			sourceTree = "<group>";
		};
		9D2B8642232396EA00A0815A = {
			isa = PBXGroup;
			children = (
				9D2B864D232396EB00A0815A /* K9 Recipes */,
				9D2B8662232396EC00A0815A /* K9 RecipesTests */,
				9D2B866D232396EC00A0815A /* K9 RecipesUITests */,
				9D2B867D2323A68300A0815A /* LICENSE.md */,
				9D2B864C232396EB00A0815A /* Products */,
				9D2B867C2323975300A0815A /* README.md */,
				27907A48C88438390E14C044 /* Pods */,
				1410EEA3859B8587A53EAC08 /* Frameworks */,
			);
			sourceTree = "<group>";
		};
		9D2B864C232396EB00A0815A /* Products */ = {
			isa = PBXGroup;
			children = (
				9D2B864B232396EB00A0815A /* K9 Recipes.app */,
				9D2B865F232396EC00A0815A /* K9 RecipesTests.xctest */,
				9D2B866A232396EC00A0815A /* K9 RecipesUITests.xctest */,
			);
			name = Products;
			sourceTree = "<group>";
		};
		9D2B864D232396EB00A0815A /* K9 Recipes */ = {
			isa = PBXGroup;
			children = (
				9D4C45952323FD52002D2D24 /* Models */,
				9D2B867E2323A6C500A0815A /* ViewControllers */,
				9D2B867F2323A6CE00A0815A /* ViewModels */,
				9D2B86802323A6D900A0815A /* Protocols */,
				9D83EDE12323B1500008B272 /* Components */,
				9D2B86812323A6E200A0815A /* Extensions */,
				9D2B86822323A6EA00A0815A /* SupportingFiles */,
				9D83EDEB2323D7670008B272 /* Networking */,
				9D83EDF52323F9D90008B272 /* Logger */,
				9D9DB7FE232434B80046EF12 /* Helpers */,
			);
			path = "K9 Recipes";
			sourceTree = "<group>";
		};
		9D2B8662232396EC00A0815A /* K9 RecipesTests */ = {
			isa = PBXGroup;
			children = (
				9D2B8663232396EC00A0815A /* K9_RecipesTests.swift */,
				9D2B8665232396EC00A0815A /* Info.plist */,
			);
			path = "K9 RecipesTests";
			sourceTree = "<group>";
		};
		9D2B866D232396EC00A0815A /* K9 RecipesUITests */ = {
			isa = PBXGroup;
			children = (
				9D2B866E232396EC00A0815A /* K9_RecipesUITests.swift */,
				9D2B8670232396EC00A0815A /* Info.plist */,
			);
			path = "K9 RecipesUITests";
			sourceTree = "<group>";
		};
		9D2B867E2323A6C500A0815A /* ViewControllers */ = {
			isa = PBXGroup;
			children = (
				9D2B8650232396EB00A0815A /* SearchViewController.swift */,
				9D83EDE72323C8030008B272 /* CategoriesViewController.swift */,
				9D83EDE92323CFFD0008B272 /* IdeasViewController.swift */,
				9D6F344A23251A8E00CB0A67 /* SearchResultsViewController.swift */,
				9D6F345D23252F2400CB0A67 /* RecipeDetailsViewController.swift */,
				9D6F3478232568AC00CB0A67 /* RecipesViewController.swift */,
				9D6F347E23256C6900CB0A67 /* AboutViewController.swift */,
			);
			path = ViewControllers;
			sourceTree = "<group>";
		};
		9D2B867F2323A6CE00A0815A /* ViewModels */ = {
			isa = PBXGroup;
			children = (
				9D9DB7E3232421820046EF12 /* IdeasViewModel.swift */,
				9D6F34462324F85400CB0A67 /* SearchViewModel.swift */,
				9D6F344C23251A9B00CB0A67 /* SearchResultsViewModel.swift */,
				9D6F345F23252F3100CB0A67 /* RecipeDetailsViewModel.swift */,
				9D6F346B232562DE00CB0A67 /* CategoriesViewModel.swift */,
				9D6F347A232568B900CB0A67 /* RecipesViewModel.swift */,
			);
			path = ViewModels;
			sourceTree = "<group>";
		};
		9D2B86802323A6D900A0815A /* Protocols */ = {
			isa = PBXGroup;
			children = (
				9D9DB7E5232422330046EF12 /* IdeasViewControllerProtocol.swift */,
				9D6F34482324F87000CB0A67 /* SeachViewControllerProtocol.swift */,
				9D6F344E23251AAD00CB0A67 /* SearchResultsViewControllerProtocol.swift */,
				9D6F346123252F4000CB0A67 /* RecipeDetailsViewControllerProtocol.swift */,
				9D6F346D232562EC00CB0A67 /* CategoriesViewControllerProtocol.swift */,
				9D6F347C232568D000CB0A67 /* RecipesViewControllerProtocol.swift */,
			);
			path = Protocols;
			sourceTree = "<group>";
		};
		9D2B86812323A6E200A0815A /* Extensions */ = {
			isa = PBXGroup;
			children = (
				9D83EDE52323C1B70008B272 /* UIColor+Colors.swift */,
				9D9DB7F823242FDD0046EF12 /* Array+SafeSubscript.swift */,
				9D9DB7FC232433C40046EF12 /* UIViewController+Helpers.swift */,
				9D6E33E92324DAE0008E76D9 /* Layout+Insets.swift */,
				9D6F3459232521BE00CB0A67 /* UIView+Shake.swift */,
				9D6F345B2325281C00CB0A67 /* ASNavigationController+BackButton.swift */,
				9D6F34632325435A00CB0A67 /* ASDisplayNode+Separator.swift */,
				9D6F348023256E8D00CB0A67 /* Bundle+Versions.swift */,
			);
			path = Extensions;
			sourceTree = "<group>";
		};
		9D2B86822323A6EA00A0815A /* SupportingFiles */ = {
			isa = PBXGroup;
			children = (
				9D2B864E232396EB00A0815A /* AppDelegate.swift */,
				9D2B865A232396EC00A0815A /* Info.plist */,
				9D2B8655232396EC00A0815A /* Assets.xcassets */,
				9D2B8657232396EC00A0815A /* LaunchScreen.storyboard */,
				9D83EDF12323DB5A0008B272 /* Constants.swift */,
			);
			path = SupportingFiles;
			sourceTree = "<group>";
		};
		9D4C45952323FD52002D2D24 /* Models */ = {
			isa = PBXGroup;
			children = (
				9D4C45962323FE13002D2D24 /* Recipe.swift */,
				9D4C4598232400D4002D2D24 /* Category.swift */,
				9D4C459A2324022F002D2D24 /* Area.swift */,
				9D4C459C2324029B002D2D24 /* RecipeStep.swift */,
				9D4C459E23240327002D2D24 /* Ingredient.swift */,
			);
			path = Models;
			sourceTree = "<group>";
		};
		9D6E33E62324D3BE008E76D9 /* ButtonNode */ = {
			isa = PBXGroup;
			children = (
				9D6E33E72324D3CA008E76D9 /* ButtonNode.swift */,
			);
			path = ButtonNode;
			sourceTree = "<group>";
		};
		9D6E33EB2324DC79008E76D9 /* PrimaryButtonNode */ = {
			isa = PBXGroup;
			children = (
				9D6E33EC2324DC8A008E76D9 /* PrimaryButtonNode.swift */,
			);
			path = PrimaryButtonNode;
			sourceTree = "<group>";
		};
		9D6E33EE2324E1BD008E76D9 /* TextControlNode */ = {
			isa = PBXGroup;
			children = (
				9D6F34442324E1E700CB0A67 /* TextControlNode.swift */,
			);
			path = TextControlNode;
			sourceTree = "<group>";
		};
		9D6F345023251F8900CB0A67 /* SearchResultsTableNode */ = {
			isa = PBXGroup;
			children = (
				9D6F345223251FA000CB0A67 /* Model */,
				9D6F345123251F9B00CB0A67 /* View */,
			);
			path = SearchResultsTableNode;
			sourceTree = "<group>";
		};
		9D6F345123251F9B00CB0A67 /* View */ = {
			isa = PBXGroup;
			children = (
				9D6F345523251FE100CB0A67 /* SearchResultsTableNode.swift */,
				9D6F34572325202900CB0A67 /* SearchResultsTableNodeCell.swift */,
			);
			path = View;
			sourceTree = "<group>";
		};
		9D6F345223251FA000CB0A67 /* Model */ = {
			isa = PBXGroup;
			children = (
				9D6F345323251FB300CB0A67 /* SearchResultsTableNodeItem.swift */,
			);
			path = Model;
			sourceTree = "<group>";
		};
		9D6F346523254F2300CB0A67 /* SegmentedControlNode */ = {
			isa = PBXGroup;
			children = (
				9D6F346623254F3300CB0A67 /* SegmentedControlNode.swift */,
			);
			path = SegmentedControlNode;
			sourceTree = "<group>";
		};
		9D6F346823255B6700CB0A67 /* YoutubeVideoNode */ = {
			isa = PBXGroup;
			children = (
				9D6F346923255B7800CB0A67 /* YoutubeVideoNode.swift */,
			);
			path = YoutubeVideoNode;
			sourceTree = "<group>";
		};
		9D6F346F2325649B00CB0A67 /* CategoriesTableNode */ = {
			isa = PBXGroup;
			children = (
				9D6F3471232564B600CB0A67 /* Model */,
				9D6F3470232564AD00CB0A67 /* View */,
			);
			path = CategoriesTableNode;
			sourceTree = "<group>";
		};
		9D6F3470232564AD00CB0A67 /* View */ = {
			isa = PBXGroup;
			children = (
				9D6F3474232564F000CB0A67 /* CategoriesTableNode.swift */,
				9D6F34762325653700CB0A67 /* CategoriesTableNodeCell.swift */,
			);
			path = View;
			sourceTree = "<group>";
		};
		9D6F3471232564B600CB0A67 /* Model */ = {
			isa = PBXGroup;
			children = (
				9D6F3472232564C300CB0A67 /* CategoriesTableNodeItem.swift */,
			);
			path = Model;
			sourceTree = "<group>";
		};
		9D83EDE12323B1500008B272 /* Components */ = {
			isa = PBXGroup;
			children = (
				9D6F346F2325649B00CB0A67 /* CategoriesTableNode */,
				9D6F346823255B6700CB0A67 /* YoutubeVideoNode */,
				9D6F346523254F2300CB0A67 /* SegmentedControlNode */,
				9D6F345023251F8900CB0A67 /* SearchResultsTableNode */,
				9D6E33EE2324E1BD008E76D9 /* TextControlNode */,
				9D6E33EB2324DC79008E76D9 /* PrimaryButtonNode */,
				9D6E33E62324D3BE008E76D9 /* ButtonNode */,
				9D9DB8052324D1300046EF12 /* EditableTextNode */,
				9D9DB7F423242DD50046EF12 /* TableNodeBase */,
				9D9DB7ED23242CBD0046EF12 /* IdeasTableNode */,
				9D9DB7EA232429250046EF12 /* TextNode */,
				9D9DB7E72324270F0046EF12 /* SectionEmptyNode */,
				9D83EDE22323B9180008B272 /* MainTabBarController */,
			);
			path = Components;
			sourceTree = "<group>";
		};
		9D83EDE22323B9180008B272 /* MainTabBarController */ = {
			isa = PBXGroup;
			children = (
				9D83EDE32323B92F0008B272 /* MainTabBarController.swift */,
			);
			path = MainTabBarController;
			sourceTree = "<group>";
		};
		9D83EDEB2323D7670008B272 /* Networking */ = {
			isa = PBXGroup;
			children = (
				9D83EDEC2323D7940008B272 /* Router.swift */,
				9D83EDF32323DF590008B272 /* ServiceLayer.swift */,
			);
			path = Networking;
			sourceTree = "<group>";
		};
		9D83EDF52323F9D90008B272 /* Logger */ = {
			isa = PBXGroup;
			children = (
				9D4C45932323FA07002D2D24 /* Logger.swift */,
			);
			path = Logger;
			sourceTree = "<group>";
		};
		9D9DB7E72324270F0046EF12 /* SectionEmptyNode */ = {
			isa = PBXGroup;
			children = (
				9D9DB7E8232427260046EF12 /* SectionEmptyNode.swift */,
			);
			path = SectionEmptyNode;
			sourceTree = "<group>";
		};
		9D9DB7EA232429250046EF12 /* TextNode */ = {
			isa = PBXGroup;
			children = (
				9D9DB7EB232429300046EF12 /* TextNode.swift */,
			);
			path = TextNode;
			sourceTree = "<group>";
		};
		9D9DB7ED23242CBD0046EF12 /* IdeasTableNode */ = {
			isa = PBXGroup;
			children = (
				9D9DB7EF23242CCE0046EF12 /* Model */,
				9D9DB7EE23242CC90046EF12 /* View */,
			);
			path = IdeasTableNode;
			sourceTree = "<group>";
		};
		9D9DB7EE23242CC90046EF12 /* View */ = {
			isa = PBXGroup;
			children = (
				9D9DB7F223242D950046EF12 /* IdeasTableNode.swift */,
				9D9DB7FA232430CE0046EF12 /* IdeasTableNodeCell.swift */,
			);
			path = View;
			sourceTree = "<group>";
		};
		9D9DB7EF23242CCE0046EF12 /* Model */ = {
			isa = PBXGroup;
			children = (
				9D9DB7F023242CE30046EF12 /* IdeasTableNodeItem.swift */,
			);
			path = Model;
			sourceTree = "<group>";
		};
		9D9DB7F423242DD50046EF12 /* TableNodeBase */ = {
			isa = PBXGroup;
			children = (
				9D9DB7F623242DF50046EF12 /* TableNodeBase.swift */,
			);
			path = TableNodeBase;
			sourceTree = "<group>";
		};
		9D9DB7FE232434B80046EF12 /* Helpers */ = {
			isa = PBXGroup;
			children = (
				9D9DB7FF232434DA0046EF12 /* ActivityIndicatorController.swift */,
				9D9DB801232435780046EF12 /* AlertController.swift */,
			);
			path = Helpers;
			sourceTree = "<group>";
		};
		9D9DB8052324D1300046EF12 /* EditableTextNode */ = {
			isa = PBXGroup;
			children = (
				9D6E33E42324D184008E76D9 /* EditableTextNode.swift */,
			);
			path = EditableTextNode;
			sourceTree = "<group>";
		};
/* End PBXGroup section */

/* Begin PBXNativeTarget section */
		9D2B864A232396EA00A0815A /* K9 Recipes */ = {
			isa = PBXNativeTarget;
			buildConfigurationList = 9D2B8673232396EC00A0815A /* Build configuration list for PBXNativeTarget "K9 Recipes" */;
			buildPhases = (
				BC8C7EC6855B280E03CD254A /* [CP] Check Pods Manifest.lock */,
				9D2B8647232396EA00A0815A /* Sources */,
				9D2B8648232396EA00A0815A /* Frameworks */,
				9D2B8649232396EA00A0815A /* Resources */,
				9720829DD82C3EA175271773 /* [CP] Embed Pods Frameworks */,
			);
			buildRules = (
			);
			dependencies = (
			);
			name = "K9 Recipes";
			productName = "K9 Recipes";
			productReference = 9D2B864B232396EB00A0815A /* K9 Recipes.app */;
			productType = "com.apple.product-type.application";
		};
		9D2B865E232396EC00A0815A /* K9 RecipesTests */ = {
			isa = PBXNativeTarget;
			buildConfigurationList = 9D2B8676232396EC00A0815A /* Build configuration list for PBXNativeTarget "K9 RecipesTests" */;
			buildPhases = (
				DA8563E7A685C558D0A1ABC1 /* [CP] Check Pods Manifest.lock */,
				9D2B865B232396EC00A0815A /* Sources */,
				9D2B865C232396EC00A0815A /* Frameworks */,
				9D2B865D232396EC00A0815A /* Resources */,
			);
			buildRules = (
			);
			dependencies = (
				9D2B8661232396EC00A0815A /* PBXTargetDependency */,
			);
			name = "K9 RecipesTests";
			productName = "K9 RecipesTests";
			productReference = 9D2B865F232396EC00A0815A /* K9 RecipesTests.xctest */;
			productType = "com.apple.product-type.bundle.unit-test";
		};
		9D2B8669232396EC00A0815A /* K9 RecipesUITests */ = {
			isa = PBXNativeTarget;
			buildConfigurationList = 9D2B8679232396EC00A0815A /* Build configuration list for PBXNativeTarget "K9 RecipesUITests" */;
			buildPhases = (
				13D6856E7E0AB373A848A68C /* [CP] Check Pods Manifest.lock */,
				9D2B8666232396EC00A0815A /* Sources */,
				9D2B8667232396EC00A0815A /* Frameworks */,
				9D2B8668232396EC00A0815A /* Resources */,
			);
			buildRules = (
			);
			dependencies = (
				9D2B866C232396EC00A0815A /* PBXTargetDependency */,
			);
			name = "K9 RecipesUITests";
			productName = "K9 RecipesUITests";
			productReference = 9D2B866A232396EC00A0815A /* K9 RecipesUITests.xctest */;
			productType = "com.apple.product-type.bundle.ui-testing";
		};
/* End PBXNativeTarget section */

/* Begin PBXProject section */
		9D2B8643232396EA00A0815A /* Project object */ = {
			isa = PBXProject;
			attributes = {
				LastSwiftUpdateCheck = 1030;
				LastUpgradeCheck = 1030;
				ORGANIZATIONNAME = "Orkhan Huseynov";
				TargetAttributes = {
					9D2B864A232396EA00A0815A = {
						CreatedOnToolsVersion = 10.3;
					};
					9D2B865E232396EC00A0815A = {
						CreatedOnToolsVersion = 10.3;
						TestTargetID = 9D2B864A232396EA00A0815A;
					};
					9D2B8669232396EC00A0815A = {
						CreatedOnToolsVersion = 10.3;
						TestTargetID = 9D2B864A232396EA00A0815A;
					};
				};
			};
			buildConfigurationList = 9D2B8646232396EA00A0815A /* Build configuration list for PBXProject "K9 Recipes" */;
			compatibilityVersion = "Xcode 9.3";
			developmentRegion = en;
			hasScannedForEncodings = 0;
			knownRegions = (
				en,
				Base,
			);
			mainGroup = 9D2B8642232396EA00A0815A;
			productRefGroup = 9D2B864C232396EB00A0815A /* Products */;
			projectDirPath = "";
			projectRoot = "";
			targets = (
				9D2B864A232396EA00A0815A /* K9 Recipes */,
				9D2B865E232396EC00A0815A /* K9 RecipesTests */,
				9D2B8669232396EC00A0815A /* K9 RecipesUITests */,
			);
		};
/* End PBXProject section */

/* Begin PBXResourcesBuildPhase section */
		9D2B8649232396EA00A0815A /* Resources */ = {
			isa = PBXResourcesBuildPhase;
			buildActionMask = 2147483647;
			files = (
				9D2B8659232396EC00A0815A /* LaunchScreen.storyboard in Resources */,
				9D2B8656232396EC00A0815A /* Assets.xcassets in Resources */,
			);
			runOnlyForDeploymentPostprocessing = 0;
		};
		9D2B865D232396EC00A0815A /* Resources */ = {
			isa = PBXResourcesBuildPhase;
			buildActionMask = 2147483647;
			files = (
			);
			runOnlyForDeploymentPostprocessing = 0;
		};
		9D2B8668232396EC00A0815A /* Resources */ = {
			isa = PBXResourcesBuildPhase;
			buildActionMask = 2147483647;
			files = (
			);
			runOnlyForDeploymentPostprocessing = 0;
		};
/* End PBXResourcesBuildPhase section */

/* Begin PBXShellScriptBuildPhase section */
		13D6856E7E0AB373A848A68C /* [CP] Check Pods Manifest.lock */ = {
			isa = PBXShellScriptBuildPhase;
			buildActionMask = 2147483647;
			files = (
			);
			inputFileListPaths = (
			);
			inputPaths = (
				"${PODS_PODFILE_DIR_PATH}/Podfile.lock",
				"${PODS_ROOT}/Manifest.lock",
			);
			name = "[CP] Check Pods Manifest.lock";
			outputFileListPaths = (
			);
			outputPaths = (
				"$(DERIVED_FILE_DIR)/Pods-K9 RecipesUITests-checkManifestLockResult.txt",
			);
			runOnlyForDeploymentPostprocessing = 0;
			shellPath = /bin/sh;
			shellScript = "diff \"${PODS_PODFILE_DIR_PATH}/Podfile.lock\" \"${PODS_ROOT}/Manifest.lock\" > /dev/null\nif [ $? != 0 ] ; then\n    # print error to STDERR\n    echo \"error: The sandbox is not in sync with the Podfile.lock. Run 'pod install' or update your CocoaPods installation.\" >&2\n    exit 1\nfi\n# This output is used by Xcode 'outputs' to avoid re-running this script phase.\necho \"SUCCESS\" > \"${SCRIPT_OUTPUT_FILE_0}\"\n";
			showEnvVarsInLog = 0;
		};
		9720829DD82C3EA175271773 /* [CP] Embed Pods Frameworks */ = {
			isa = PBXShellScriptBuildPhase;
			buildActionMask = 2147483647;
			files = (
			);
			inputFileListPaths = (
				"${PODS_ROOT}/Target Support Files/Pods-K9 Recipes/Pods-K9 Recipes-frameworks-${CONFIGURATION}-input-files.xcfilelist",
			);
			name = "[CP] Embed Pods Frameworks";
			outputFileListPaths = (
				"${PODS_ROOT}/Target Support Files/Pods-K9 Recipes/Pods-K9 Recipes-frameworks-${CONFIGURATION}-output-files.xcfilelist",
			);
			runOnlyForDeploymentPostprocessing = 0;
			shellPath = /bin/sh;
			shellScript = "\"${PODS_ROOT}/Target Support Files/Pods-K9 Recipes/Pods-K9 Recipes-frameworks.sh\"\n";
			showEnvVarsInLog = 0;
		};
		BC8C7EC6855B280E03CD254A /* [CP] Check Pods Manifest.lock */ = {
			isa = PBXShellScriptBuildPhase;
			buildActionMask = 2147483647;
			files = (
			);
			inputFileListPaths = (
			);
			inputPaths = (
				"${PODS_PODFILE_DIR_PATH}/Podfile.lock",
				"${PODS_ROOT}/Manifest.lock",
			);
			name = "[CP] Check Pods Manifest.lock";
			outputFileListPaths = (
			);
			outputPaths = (
				"$(DERIVED_FILE_DIR)/Pods-K9 Recipes-checkManifestLockResult.txt",
			);
			runOnlyForDeploymentPostprocessing = 0;
			shellPath = /bin/sh;
			shellScript = "diff \"${PODS_PODFILE_DIR_PATH}/Podfile.lock\" \"${PODS_ROOT}/Manifest.lock\" > /dev/null\nif [ $? != 0 ] ; then\n    # print error to STDERR\n    echo \"error: The sandbox is not in sync with the Podfile.lock. Run 'pod install' or update your CocoaPods installation.\" >&2\n    exit 1\nfi\n# This output is used by Xcode 'outputs' to avoid re-running this script phase.\necho \"SUCCESS\" > \"${SCRIPT_OUTPUT_FILE_0}\"\n";
			showEnvVarsInLog = 0;
		};
		DA8563E7A685C558D0A1ABC1 /* [CP] Check Pods Manifest.lock */ = {
			isa = PBXShellScriptBuildPhase;
			buildActionMask = 2147483647;
			files = (
			);
			inputFileListPaths = (
			);
			inputPaths = (
				"${PODS_PODFILE_DIR_PATH}/Podfile.lock",
				"${PODS_ROOT}/Manifest.lock",
			);
			name = "[CP] Check Pods Manifest.lock";
			outputFileListPaths = (
			);
			outputPaths = (
				"$(DERIVED_FILE_DIR)/Pods-K9 RecipesTests-checkManifestLockResult.txt",
			);
			runOnlyForDeploymentPostprocessing = 0;
			shellPath = /bin/sh;
			shellScript = "diff \"${PODS_PODFILE_DIR_PATH}/Podfile.lock\" \"${PODS_ROOT}/Manifest.lock\" > /dev/null\nif [ $? != 0 ] ; then\n    # print error to STDERR\n    echo \"error: The sandbox is not in sync with the Podfile.lock. Run 'pod install' or update your CocoaPods installation.\" >&2\n    exit 1\nfi\n# This output is used by Xcode 'outputs' to avoid re-running this script phase.\necho \"SUCCESS\" > \"${SCRIPT_OUTPUT_FILE_0}\"\n";
			showEnvVarsInLog = 0;
		};
/* End PBXShellScriptBuildPhase section */

/* Begin PBXSourcesBuildPhase section */
		9D2B8647232396EA00A0815A /* Sources */ = {
			isa = PBXSourcesBuildPhase;
			buildActionMask = 2147483647;
			files = (
				9D6F346723254F3300CB0A67 /* SegmentedControlNode.swift in Sources */,
				9D6F34472324F85400CB0A67 /* SearchViewModel.swift in Sources */,
				9D2B8651232396EB00A0815A /* SearchViewController.swift in Sources */,
				9D9DB7E4232421820046EF12 /* IdeasViewModel.swift in Sources */,
				9D6F34772325653700CB0A67 /* CategoriesTableNodeCell.swift in Sources */,
				9D6F3475232564F000CB0A67 /* CategoriesTableNode.swift in Sources */,
				9D83EDEA2323CFFD0008B272 /* IdeasViewController.swift in Sources */,
				9D4C459F23240327002D2D24 /* Ingredient.swift in Sources */,
				9D6F346C232562DE00CB0A67 /* CategoriesViewModel.swift in Sources */,
				9D6F347F23256C6900CB0A67 /* AboutViewController.swift in Sources */,
				9D9DB800232434DA0046EF12 /* ActivityIndicatorController.swift in Sources */,
				9D9DB7F923242FDD0046EF12 /* Array+SafeSubscript.swift in Sources */,
				9D6E33E82324D3CA008E76D9 /* ButtonNode.swift in Sources */,
				9D6F345C2325281C00CB0A67 /* ASNavigationController+BackButton.swift in Sources */,
				9D83EDE62323C1B70008B272 /* UIColor+Colors.swift in Sources */,
				9D6F3473232564C300CB0A67 /* CategoriesTableNodeItem.swift in Sources */,
				9D6F348123256E8D00CB0A67 /* Bundle+Versions.swift in Sources */,
				9D83EDED2323D7940008B272 /* Router.swift in Sources */,
				9D6F345E23252F2400CB0A67 /* RecipeDetailsViewController.swift in Sources */,
				9D9DB7EC232429300046EF12 /* TextNode.swift in Sources */,
				9D6F347D232568D000CB0A67 /* RecipesViewControllerProtocol.swift in Sources */,
				9D6F344D23251A9B00CB0A67 /* SearchResultsViewModel.swift in Sources */,
				9D2B864F232396EB00A0815A /* AppDelegate.swift in Sources */,
				9D4C45942323FA07002D2D24 /* Logger.swift in Sources */,
				9D83EDE82323C8030008B272 /* CategoriesViewController.swift in Sources */,
				9D6F344F23251AAD00CB0A67 /* SearchResultsViewControllerProtocol.swift in Sources */,
				9D4C459D2324029B002D2D24 /* RecipeStep.swift in Sources */,
				9D9DB7E6232422330046EF12 /* IdeasViewControllerProtocol.swift in Sources */,
				9D9DB7FD232433C40046EF12 /* UIViewController+Helpers.swift in Sources */,
				9D83EDE42323B92F0008B272 /* MainTabBarController.swift in Sources */,
				9D83EDF42323DF590008B272 /* ServiceLayer.swift in Sources */,
				9D6F3479232568AC00CB0A67 /* RecipesViewController.swift in Sources */,
				9D6F344B23251A8E00CB0A67 /* SearchResultsViewController.swift in Sources */,
				9D6F346223252F4000CB0A67 /* RecipeDetailsViewControllerProtocol.swift in Sources */,
				9D6F345423251FB300CB0A67 /* SearchResultsTableNodeItem.swift in Sources */,
				9D6F34492324F87000CB0A67 /* SeachViewControllerProtocol.swift in Sources */,
				9D9DB7FB232430CE0046EF12 /* IdeasTableNodeCell.swift in Sources */,
				9D6E33ED2324DC8A008E76D9 /* PrimaryButtonNode.swift in Sources */,
				9D83EDF22323DB5A0008B272 /* Constants.swift in Sources */,
				9D6F346E232562EC00CB0A67 /* CategoriesViewControllerProtocol.swift in Sources */,
				9D6F346023252F3100CB0A67 /* RecipeDetailsViewModel.swift in Sources */,
				9D9DB802232435780046EF12 /* AlertController.swift in Sources */,
				9D9DB7F323242D950046EF12 /* IdeasTableNode.swift in Sources */,
				9D4C45972323FE13002D2D24 /* Recipe.swift in Sources */,
				9D6E33E52324D184008E76D9 /* EditableTextNode.swift in Sources */,
				9D6F345623251FE100CB0A67 /* SearchResultsTableNode.swift in Sources */,
				9D4C4599232400D4002D2D24 /* Category.swift in Sources */,
				9D4C459B2324022F002D2D24 /* Area.swift in Sources */,
				9D6F345A232521BE00CB0A67 /* UIView+Shake.swift in Sources */,
				9D6F34582325202900CB0A67 /* SearchResultsTableNodeCell.swift in Sources */,
				9D6F347B232568B900CB0A67 /* RecipesViewModel.swift in Sources */,
				9D6F34642325435A00CB0A67 /* ASDisplayNode+Separator.swift in Sources */,
				9D9DB7F723242DF50046EF12 /* TableNodeBase.swift in Sources */,
				9D6F346A23255B7800CB0A67 /* YoutubeVideoNode.swift in Sources */,
				9D6F34452324E1E700CB0A67 /* TextControlNode.swift in Sources */,
				9D6E33EA2324DAE0008E76D9 /* Layout+Insets.swift in Sources */,
				9D9DB7F123242CE30046EF12 /* IdeasTableNodeItem.swift in Sources */,
				9D9DB7E9232427260046EF12 /* SectionEmptyNode.swift in Sources */,
			);
			runOnlyForDeploymentPostprocessing = 0;
		};
		9D2B865B232396EC00A0815A /* Sources */ = {
			isa = PBXSourcesBuildPhase;
			buildActionMask = 2147483647;
			files = (
				9D2B8664232396EC00A0815A /* K9_RecipesTests.swift in Sources */,
			);
			runOnlyForDeploymentPostprocessing = 0;
		};
		9D2B8666232396EC00A0815A /* Sources */ = {
			isa = PBXSourcesBuildPhase;
			buildActionMask = 2147483647;
			files = (
				9D2B866F232396EC00A0815A /* K9_RecipesUITests.swift in Sources */,
			);
			runOnlyForDeploymentPostprocessing = 0;
		};
/* End PBXSourcesBuildPhase section */

/* Begin PBXTargetDependency section */
		9D2B8661232396EC00A0815A /* PBXTargetDependency */ = {
			isa = PBXTargetDependency;
			target = 9D2B864A232396EA00A0815A /* K9 Recipes */;
			targetProxy = 9D2B8660232396EC00A0815A /* PBXContainerItemProxy */;
		};
		9D2B866C232396EC00A0815A /* PBXTargetDependency */ = {
			isa = PBXTargetDependency;
			target = 9D2B864A232396EA00A0815A /* K9 Recipes */;
			targetProxy = 9D2B866B232396EC00A0815A /* PBXContainerItemProxy */;
		};
/* End PBXTargetDependency section */

/* Begin PBXVariantGroup section */
		9D2B8657232396EC00A0815A /* LaunchScreen.storyboard */ = {
			isa = PBXVariantGroup;
			children = (
				9D2B8658232396EC00A0815A /* Base */,
			);
			name = LaunchScreen.storyboard;
			sourceTree = "<group>";
		};
/* End PBXVariantGroup section */

/* Begin XCBuildConfiguration section */
		9D2B8671232396EC00A0815A /* Debug */ = {
			isa = XCBuildConfiguration;
			buildSettings = {
				ALWAYS_SEARCH_USER_PATHS = NO;
				CLANG_ANALYZER_NONNULL = YES;
				CLANG_ANALYZER_NUMBER_OBJECT_CONVERSION = YES_AGGRESSIVE;
				CLANG_CXX_LANGUAGE_STANDARD = "gnu++14";
				CLANG_CXX_LIBRARY = "libc++";
				CLANG_ENABLE_MODULES = YES;
				CLANG_ENABLE_OBJC_ARC = YES;
				CLANG_ENABLE_OBJC_WEAK = YES;
				CLANG_WARN_BLOCK_CAPTURE_AUTORELEASING = YES;
				CLANG_WARN_BOOL_CONVERSION = YES;
				CLANG_WARN_COMMA = YES;
				CLANG_WARN_CONSTANT_CONVERSION = YES;
				CLANG_WARN_DEPRECATED_OBJC_IMPLEMENTATIONS = YES;
				CLANG_WARN_DIRECT_OBJC_ISA_USAGE = YES_ERROR;
				CLANG_WARN_DOCUMENTATION_COMMENTS = YES;
				CLANG_WARN_EMPTY_BODY = YES;
				CLANG_WARN_ENUM_CONVERSION = YES;
				CLANG_WARN_INFINITE_RECURSION = YES;
				CLANG_WARN_INT_CONVERSION = YES;
				CLANG_WARN_NON_LITERAL_NULL_CONVERSION = YES;
				CLANG_WARN_OBJC_IMPLICIT_RETAIN_SELF = YES;
				CLANG_WARN_OBJC_LITERAL_CONVERSION = YES;
				CLANG_WARN_OBJC_ROOT_CLASS = YES_ERROR;
				CLANG_WARN_RANGE_LOOP_ANALYSIS = YES;
				CLANG_WARN_STRICT_PROTOTYPES = YES;
				CLANG_WARN_SUSPICIOUS_MOVE = YES;
				CLANG_WARN_UNGUARDED_AVAILABILITY = YES_AGGRESSIVE;
				CLANG_WARN_UNREACHABLE_CODE = YES;
				CLANG_WARN__DUPLICATE_METHOD_MATCH = YES;
				CODE_SIGN_IDENTITY = "iPhone Developer";
				COPY_PHASE_STRIP = NO;
				DEBUG_INFORMATION_FORMAT = dwarf;
				ENABLE_STRICT_OBJC_MSGSEND = YES;
				ENABLE_TESTABILITY = YES;
				GCC_C_LANGUAGE_STANDARD = gnu11;
				GCC_DYNAMIC_NO_PIC = NO;
				GCC_NO_COMMON_BLOCKS = YES;
				GCC_OPTIMIZATION_LEVEL = 0;
				GCC_PREPROCESSOR_DEFINITIONS = (
					"DEBUG=1",
					"$(inherited)",
				);
				GCC_WARN_64_TO_32_BIT_CONVERSION = YES;
				GCC_WARN_ABOUT_RETURN_TYPE = YES_ERROR;
				GCC_WARN_UNDECLARED_SELECTOR = YES;
				GCC_WARN_UNINITIALIZED_AUTOS = YES_AGGRESSIVE;
				GCC_WARN_UNUSED_FUNCTION = YES;
				GCC_WARN_UNUSED_VARIABLE = YES;
				IPHONEOS_DEPLOYMENT_TARGET = 12.4;
				MTL_ENABLE_DEBUG_INFO = INCLUDE_SOURCE;
				MTL_FAST_MATH = YES;
				ONLY_ACTIVE_ARCH = YES;
				SDKROOT = iphoneos;
				SWIFT_ACTIVE_COMPILATION_CONDITIONS = DEBUG;
				SWIFT_OPTIMIZATION_LEVEL = "-Onone";
			};
			name = Debug;
		};
		9D2B8672232396EC00A0815A /* Release */ = {
			isa = XCBuildConfiguration;
			buildSettings = {
				ALWAYS_SEARCH_USER_PATHS = NO;
				CLANG_ANALYZER_NONNULL = YES;
				CLANG_ANALYZER_NUMBER_OBJECT_CONVERSION = YES_AGGRESSIVE;
				CLANG_CXX_LANGUAGE_STANDARD = "gnu++14";
				CLANG_CXX_LIBRARY = "libc++";
				CLANG_ENABLE_MODULES = YES;
				CLANG_ENABLE_OBJC_ARC = YES;
				CLANG_ENABLE_OBJC_WEAK = YES;
				CLANG_WARN_BLOCK_CAPTURE_AUTORELEASING = YES;
				CLANG_WARN_BOOL_CONVERSION = YES;
				CLANG_WARN_COMMA = YES;
				CLANG_WARN_CONSTANT_CONVERSION = YES;
				CLANG_WARN_DEPRECATED_OBJC_IMPLEMENTATIONS = YES;
				CLANG_WARN_DIRECT_OBJC_ISA_USAGE = YES_ERROR;
				CLANG_WARN_DOCUMENTATION_COMMENTS = YES;
				CLANG_WARN_EMPTY_BODY = YES;
				CLANG_WARN_ENUM_CONVERSION = YES;
				CLANG_WARN_INFINITE_RECURSION = YES;
				CLANG_WARN_INT_CONVERSION = YES;
				CLANG_WARN_NON_LITERAL_NULL_CONVERSION = YES;
				CLANG_WARN_OBJC_IMPLICIT_RETAIN_SELF = YES;
				CLANG_WARN_OBJC_LITERAL_CONVERSION = YES;
				CLANG_WARN_OBJC_ROOT_CLASS = YES_ERROR;
				CLANG_WARN_RANGE_LOOP_ANALYSIS = YES;
				CLANG_WARN_STRICT_PROTOTYPES = YES;
				CLANG_WARN_SUSPICIOUS_MOVE = YES;
				CLANG_WARN_UNGUARDED_AVAILABILITY = YES_AGGRESSIVE;
				CLANG_WARN_UNREACHABLE_CODE = YES;
				CLANG_WARN__DUPLICATE_METHOD_MATCH = YES;
				CODE_SIGN_IDENTITY = "iPhone Developer";
				COPY_PHASE_STRIP = NO;
				DEBUG_INFORMATION_FORMAT = "dwarf-with-dsym";
				ENABLE_NS_ASSERTIONS = NO;
				ENABLE_STRICT_OBJC_MSGSEND = YES;
				GCC_C_LANGUAGE_STANDARD = gnu11;
				GCC_NO_COMMON_BLOCKS = YES;
				GCC_WARN_64_TO_32_BIT_CONVERSION = YES;
				GCC_WARN_ABOUT_RETURN_TYPE = YES_ERROR;
				GCC_WARN_UNDECLARED_SELECTOR = YES;
				GCC_WARN_UNINITIALIZED_AUTOS = YES_AGGRESSIVE;
				GCC_WARN_UNUSED_FUNCTION = YES;
				GCC_WARN_UNUSED_VARIABLE = YES;
				IPHONEOS_DEPLOYMENT_TARGET = 12.4;
				MTL_ENABLE_DEBUG_INFO = NO;
				MTL_FAST_MATH = YES;
				SDKROOT = iphoneos;
				SWIFT_COMPILATION_MODE = wholemodule;
				SWIFT_OPTIMIZATION_LEVEL = "-O";
				VALIDATE_PRODUCT = YES;
			};
			name = Release;
		};
		9D2B8674232396EC00A0815A /* Debug */ = {
			isa = XCBuildConfiguration;
			baseConfigurationReference = ABB19A8F347AB3892181EF41 /* Pods-K9 Recipes.debug.xcconfig */;
			buildSettings = {
				ASSETCATALOG_COMPILER_APPICON_NAME = AppIcon;
				CODE_SIGN_STYLE = Automatic;
				DEVELOPMENT_TEAM = 8M97DBY2H7;
				INFOPLIST_FILE = "$(SRCROOT)/K9 Recipes/SupportingFiles/Info.plist";
				IPHONEOS_DEPLOYMENT_TARGET = 11.0;
				LD_RUNPATH_SEARCH_PATHS = (
					"$(inherited)",
					"@executable_path/Frameworks",
				);
				PRODUCT_BUNDLE_IDENTIFIER = "huseynov.us.K9-Recipes";
				PRODUCT_NAME = "$(TARGET_NAME)";
				SWIFT_VERSION = 5.0;
				TARGETED_DEVICE_FAMILY = 1;
			};
			name = Debug;
		};
		9D2B8675232396EC00A0815A /* Release */ = {
			isa = XCBuildConfiguration;
			baseConfigurationReference = 761690F5273AEB199486E0BA /* Pods-K9 Recipes.release.xcconfig */;
			buildSettings = {
				ASSETCATALOG_COMPILER_APPICON_NAME = AppIcon;
				CODE_SIGN_STYLE = Automatic;
				DEVELOPMENT_TEAM = 8M97DBY2H7;
				INFOPLIST_FILE = "$(SRCROOT)/K9 Recipes/SupportingFiles/Info.plist";
				IPHONEOS_DEPLOYMENT_TARGET = 11.0;
				LD_RUNPATH_SEARCH_PATHS = (
					"$(inherited)",
					"@executable_path/Frameworks",
				);
				PRODUCT_BUNDLE_IDENTIFIER = "huseynov.us.K9-Recipes";
				PRODUCT_NAME = "$(TARGET_NAME)";
				SWIFT_VERSION = 5.0;
				TARGETED_DEVICE_FAMILY = 1;
			};
			name = Release;
		};
		9D2B8677232396EC00A0815A /* Debug */ = {
			isa = XCBuildConfiguration;
			baseConfigurationReference = 779B03616C74E6F504FB7EA5 /* Pods-K9 RecipesTests.debug.xcconfig */;
			buildSettings = {
				ALWAYS_EMBED_SWIFT_STANDARD_LIBRARIES = YES;
				BUNDLE_LOADER = "$(TEST_HOST)";
				CODE_SIGN_STYLE = Automatic;
				DEVELOPMENT_TEAM = 8M97DBY2H7;
				INFOPLIST_FILE = "K9 RecipesTests/Info.plist";
				LD_RUNPATH_SEARCH_PATHS = (
					"$(inherited)",
					"@executable_path/Frameworks",
					"@loader_path/Frameworks",
				);
				PRODUCT_BUNDLE_IDENTIFIER = "huseynov.us.K9-RecipesTests";
				PRODUCT_NAME = "$(TARGET_NAME)";
				SWIFT_VERSION = 5.0;
				TARGETED_DEVICE_FAMILY = "1,2";
				TEST_HOST = "$(BUILT_PRODUCTS_DIR)/K9 Recipes.app/K9 Recipes";
			};
			name = Debug;
		};
		9D2B8678232396EC00A0815A /* Release */ = {
			isa = XCBuildConfiguration;
			baseConfigurationReference = A845CEB2B26681E8B9B21543 /* Pods-K9 RecipesTests.release.xcconfig */;
			buildSettings = {
				ALWAYS_EMBED_SWIFT_STANDARD_LIBRARIES = YES;
				BUNDLE_LOADER = "$(TEST_HOST)";
				CODE_SIGN_STYLE = Automatic;
				DEVELOPMENT_TEAM = 8M97DBY2H7;
				INFOPLIST_FILE = "K9 RecipesTests/Info.plist";
				LD_RUNPATH_SEARCH_PATHS = (
					"$(inherited)",
					"@executable_path/Frameworks",
					"@loader_path/Frameworks",
				);
				PRODUCT_BUNDLE_IDENTIFIER = "huseynov.us.K9-RecipesTests";
				PRODUCT_NAME = "$(TARGET_NAME)";
				SWIFT_VERSION = 5.0;
				TARGETED_DEVICE_FAMILY = "1,2";
				TEST_HOST = "$(BUILT_PRODUCTS_DIR)/K9 Recipes.app/K9 Recipes";
			};
			name = Release;
		};
		9D2B867A232396EC00A0815A /* Debug */ = {
			isa = XCBuildConfiguration;
			baseConfigurationReference = C2E66838491150EA584DD728 /* Pods-K9 RecipesUITests.debug.xcconfig */;
			buildSettings = {
				ALWAYS_EMBED_SWIFT_STANDARD_LIBRARIES = YES;
				CODE_SIGN_STYLE = Automatic;
				DEVELOPMENT_TEAM = 8M97DBY2H7;
				INFOPLIST_FILE = "K9 RecipesUITests/Info.plist";
				LD_RUNPATH_SEARCH_PATHS = (
					"$(inherited)",
					"@executable_path/Frameworks",
					"@loader_path/Frameworks",
				);
				PRODUCT_BUNDLE_IDENTIFIER = "huseynov.us.K9-RecipesUITests";
				PRODUCT_NAME = "$(TARGET_NAME)";
				SWIFT_VERSION = 5.0;
				TARGETED_DEVICE_FAMILY = "1,2";
				TEST_TARGET_NAME = "K9 Recipes";
			};
			name = Debug;
		};
		9D2B867B232396EC00A0815A /* Release */ = {
			isa = XCBuildConfiguration;
			baseConfigurationReference = A3ED0165A5A1040C15CE7362 /* Pods-K9 RecipesUITests.release.xcconfig */;
			buildSettings = {
				ALWAYS_EMBED_SWIFT_STANDARD_LIBRARIES = YES;
				CODE_SIGN_STYLE = Automatic;
				DEVELOPMENT_TEAM = 8M97DBY2H7;
				INFOPLIST_FILE = "K9 RecipesUITests/Info.plist";
				LD_RUNPATH_SEARCH_PATHS = (
					"$(inherited)",
					"@executable_path/Frameworks",
					"@loader_path/Frameworks",
				);
				PRODUCT_BUNDLE_IDENTIFIER = "huseynov.us.K9-RecipesUITests";
				PRODUCT_NAME = "$(TARGET_NAME)";
				SWIFT_VERSION = 5.0;
				TARGETED_DEVICE_FAMILY = "1,2";
				TEST_TARGET_NAME = "K9 Recipes";
			};
			name = Release;
		};
/* End XCBuildConfiguration section */

/* Begin XCConfigurationList section */
		9D2B8646232396EA00A0815A /* Build configuration list for PBXProject "K9 Recipes" */ = {
			isa = XCConfigurationList;
			buildConfigurations = (
				9D2B8671232396EC00A0815A /* Debug */,
				9D2B8672232396EC00A0815A /* Release */,
			);
			defaultConfigurationIsVisible = 0;
			defaultConfigurationName = Release;
		};
		9D2B8673232396EC00A0815A /* Build configuration list for PBXNativeTarget "K9 Recipes" */ = {
			isa = XCConfigurationList;
			buildConfigurations = (
				9D2B8674232396EC00A0815A /* Debug */,
				9D2B8675232396EC00A0815A /* Release */,
			);
			defaultConfigurationIsVisible = 0;
			defaultConfigurationName = Release;
		};
		9D2B8676232396EC00A0815A /* Build configuration list for PBXNativeTarget "K9 RecipesTests" */ = {
			isa = XCConfigurationList;
			buildConfigurations = (
				9D2B8677232396EC00A0815A /* Debug */,
				9D2B8678232396EC00A0815A /* Release */,
			);
			defaultConfigurationIsVisible = 0;
			defaultConfigurationName = Release;
		};
		9D2B8679232396EC00A0815A /* Build configuration list for PBXNativeTarget "K9 RecipesUITests" */ = {
			isa = XCConfigurationList;
			buildConfigurations = (
				9D2B867A232396EC00A0815A /* Debug */,
				9D2B867B232396EC00A0815A /* Release */,
			);
			defaultConfigurationIsVisible = 0;
			defaultConfigurationName = Release;
		};
/* End XCConfigurationList section */
	};
	rootObject = 9D2B8643232396EA00A0815A /* Project object */;
}
